
Microsoft Visual Studio Solution File, Format Version 12.00
# Visual Studio 15
VisualStudioVersion = 15.0.28307.645
MinimumVisualStudioVersion = 10.0.40219.1
Project("{FAE04EC0-301F-11D3-BF4B-00C04F79EFBC}") = "ThietBiDienTu", "ThietBiDienTu\ThietBiDienTu.csproj", "{CC9A3AEA-88A5-44FC-AEA6-5F7ABA63156B}"
EndProject
Global
	GlobalSection(SolutionConfigurationPlatforms) = preSolution
		Debug|Any CPU = Debug|Any CPU
		Release|Any CPU = Release|Any CPU
	EndGlobalSection
	GlobalSection(ProjectConfigurationPlatforms) = postSolution
		{CC9A3AEA-88A5-44FC-AEA6-5F7ABA63156B}.Debug|Any CPU.ActiveCfg = Debug|Any CPU
		{CC9A3AEA-88A5-44FC-AEA6-5F7ABA63156B}.Debug|Any CPU.Build.0 = Debug|Any CPU
		{CC9A3AEA-88A5-44FC-AEA6-5F7ABA63156B}.Release|Any CPU.ActiveCfg = Release|Any CPU
		{CC9A3AEA-88A5-44FC-AEA6-5F7ABA63156B}.Release|Any CPU.Build.0 = Release|Any CPU
	EndGlobalSection
	GlobalSection(SolutionProperties) = preSolution
		HideSolutionNode = FALSE
	EndGlobalSection
	GlobalSection(ExtensibilityGlobals) = postSolution
		SolutionGuid = {4BE3731D-C247-471E-AF09-500204A2AAC1}
	EndGlobalSection
EndGlobal
